
Microsoft Visual Studio Solution File, Format Version 12.00
# Visual Studio Version 17
VisualStudioVersion = 17.14.36414.22
MinimumVisualStudioVersion = 10.0.40219.1
Project("{FAE04EC0-301F-11D3-BF4B-00C04F79EFBC}") = "Practica2", "Practica2\Practica2.csproj", "{497BE2A3-6B2C-452C-9FD2-2DE873434FEE}"
EndProject
Project("{FAE04EC0-301F-11D3-BF4B-00C04F79EFBC}") = "AdvenOfCode2015", "AdvenOfCode2015\AdvenOfCode2015.csproj", "{6FC85536-EEC4-4EA5-B342-3DAECD1E82C5}"
EndProject
Project("{FAE04EC0-301F-11D3-BF4B-00C04F79EFBC}") = "AdivinarNumero", "AdivinarNumero\AdivinarNumero.csproj", "{CF50DA84-664E-432D-ABC9-E8BFF9C006CE}"
EndProject
Project("{FAE04EC0-301F-11D3-BF4B-00C04F79EFBC}") = "AdventOfCode2015_D2", "AdventOfCode2015_D2\AdventOfCode2015_D2.csproj", "{EBD2C95C-74F4-4B21-8C1E-21FE28F3E26F}"
EndProject
Project("{FAE04EC0-301F-11D3-BF4B-00C04F79EFBC}") = "InputHelperLibrary", "InputHelperLibrary\InputHelperLibrary.csproj", "{4853BD63-C764-46B8-9902-9B51ADC7DA21}"
EndProject
Project("{FAE04EC0-301F-11D3-BF4B-00C04F79EFBC}") = "PracticaLibrary", "PracticaLibrary\PracticaLibrary.csproj", "{8336FDAA-4C2D-41AC-A6BD-4D55DEBDA87C}"
EndProject
Project("{FAE04EC0-301F-11D3-BF4B-00C04F79EFBC}") = "UlilityLibrary", "UlilityLibrary\UlilityLibrary.csproj", "{850A911D-712C-48B9-93D5-DDC650FFCB12}"
EndProject
Project("{FAE04EC0-301F-11D3-BF4B-00C04F79EFBC}") = "PracticaLibrary#2", "PracticaLibrary#2\PracticaLibrary#2.csproj", "{FA8E0DE2-1956-4BF4-A63D-E984FF057F4B}"
EndProject
Project("{FAE04EC0-301F-11D3-BF4B-00C04F79EFBC}") = "Dia6_TicketDomainModel", "Dia6_TicketDomainModel\Dia6_TicketDomainModel.csproj", "{CF57E1B9-4E0E-4BF8-B4F8-7BAC727F7801}"
EndProject
Global
	GlobalSection(SolutionConfigurationPlatforms) = preSolution
		Debug|Any CPU = Debug|Any CPU
		Release|Any CPU = Release|Any CPU
	EndGlobalSection
	GlobalSection(ProjectConfigurationPlatforms) = postSolution
		{497BE2A3-6B2C-452C-9FD2-2DE873434FEE}.Debug|Any CPU.ActiveCfg = Debug|Any CPU
		{497BE2A3-6B2C-452C-9FD2-2DE873434FEE}.Debug|Any CPU.Build.0 = Debug|Any CPU
		{497BE2A3-6B2C-452C-9FD2-2DE873434FEE}.Release|Any CPU.ActiveCfg = Release|Any CPU
		{497BE2A3-6B2C-452C-9FD2-2DE873434FEE}.Release|Any CPU.Build.0 = Release|Any CPU
		{6FC85536-EEC4-4EA5-B342-3DAECD1E82C5}.Debug|Any CPU.ActiveCfg = Debug|Any CPU
		{6FC85536-EEC4-4EA5-B342-3DAECD1E82C5}.Debug|Any CPU.Build.0 = Debug|Any CPU
		{6FC85536-EEC4-4EA5-B342-3DAECD1E82C5}.Release|Any CPU.ActiveCfg = Release|Any CPU
		{6FC85536-EEC4-4EA5-B342-3DAECD1E82C5}.Release|Any CPU.Build.0 = Release|Any CPU
		{CF50DA84-664E-432D-ABC9-E8BFF9C006CE}.Debug|Any CPU.ActiveCfg = Debug|Any CPU
		{CF50DA84-664E-432D-ABC9-E8BFF9C006CE}.Debug|Any CPU.Build.0 = Debug|Any CPU
		{CF50DA84-664E-432D-ABC9-E8BFF9C006CE}.Release|Any CPU.ActiveCfg = Release|Any CPU
		{CF50DA84-664E-432D-ABC9-E8BFF9C006CE}.Release|Any CPU.Build.0 = Release|Any CPU
		{EBD2C95C-74F4-4B21-8C1E-21FE28F3E26F}.Debug|Any CPU.ActiveCfg = Debug|Any CPU
		{EBD2C95C-74F4-4B21-8C1E-21FE28F3E26F}.Debug|Any CPU.Build.0 = Debug|Any CPU
		{EBD2C95C-74F4-4B21-8C1E-21FE28F3E26F}.Release|Any CPU.ActiveCfg = Release|Any CPU
		{EBD2C95C-74F4-4B21-8C1E-21FE28F3E26F}.Release|Any CPU.Build.0 = Release|Any CPU
		{4853BD63-C764-46B8-9902-9B51ADC7DA21}.Debug|Any CPU.ActiveCfg = Debug|Any CPU
		{4853BD63-C764-46B8-9902-9B51ADC7DA21}.Debug|Any CPU.Build.0 = Debug|Any CPU
		{4853BD63-C764-46B8-9902-9B51ADC7DA21}.Release|Any CPU.ActiveCfg = Release|Any CPU
		{4853BD63-C764-46B8-9902-9B51ADC7DA21}.Release|Any CPU.Build.0 = Release|Any CPU
		{8336FDAA-4C2D-41AC-A6BD-4D55DEBDA87C}.Debug|Any CPU.ActiveCfg = Debug|Any CPU
		{8336FDAA-4C2D-41AC-A6BD-4D55DEBDA87C}.Debug|Any CPU.Build.0 = Debug|Any CPU
		{8336FDAA-4C2D-41AC-A6BD-4D55DEBDA87C}.Release|Any CPU.ActiveCfg = Release|Any CPU
		{8336FDAA-4C2D-41AC-A6BD-4D55DEBDA87C}.Release|Any CPU.Build.0 = Release|Any CPU
		{850A911D-712C-48B9-93D5-DDC650FFCB12}.Debug|Any CPU.ActiveCfg = Debug|Any CPU
		{850A911D-712C-48B9-93D5-DDC650FFCB12}.Debug|Any CPU.Build.0 = Debug|Any CPU
		{850A911D-712C-48B9-93D5-DDC650FFCB12}.Release|Any CPU.ActiveCfg = Release|Any CPU
		{850A911D-712C-48B9-93D5-DDC650FFCB12}.Release|Any CPU.Build.0 = Release|Any CPU
		{FA8E0DE2-1956-4BF4-A63D-E984FF057F4B}.Debug|Any CPU.ActiveCfg = Debug|Any CPU
		{FA8E0DE2-1956-4BF4-A63D-E984FF057F4B}.Debug|Any CPU.Build.0 = Debug|Any CPU
		{FA8E0DE2-1956-4BF4-A63D-E984FF057F4B}.Release|Any CPU.ActiveCfg = Release|Any CPU
		{FA8E0DE2-1956-4BF4-A63D-E984FF057F4B}.Release|Any CPU.Build.0 = Release|Any CPU
		{CF57E1B9-4E0E-4BF8-B4F8-7BAC727F7801}.Debug|Any CPU.ActiveCfg = Debug|Any CPU
		{CF57E1B9-4E0E-4BF8-B4F8-7BAC727F7801}.Debug|Any CPU.Build.0 = Debug|Any CPU
		{CF57E1B9-4E0E-4BF8-B4F8-7BAC727F7801}.Release|Any CPU.ActiveCfg = Release|Any CPU
		{CF57E1B9-4E0E-4BF8-B4F8-7BAC727F7801}.Release|Any CPU.Build.0 = Release|Any CPU
	EndGlobalSection
	GlobalSection(SolutionProperties) = preSolution
		HideSolutionNode = FALSE
	EndGlobalSection
	GlobalSection(ExtensibilityGlobals) = postSolution
		SolutionGuid = {6A2B0767-CFA2-44C5-B59A-4A69235629F3}
	EndGlobalSection
EndGlobal
